
Microsoft Visual Studio Solution File, Format Version 12.00
# Visual Studio Version 17
VisualStudioVersion = 17.0.31903.59
MinimumVisualStudioVersion = 10.0.40219.1
Project("{FAE04EC0-301F-11D3-BF4B-00C04F79EFBC}") = "Radion", "Radion.csproj", "{5A4AAB98-667E-43B8-9440-C5FF875A2FE1}"
EndProject
Global
	GlobalSection(SolutionConfigurationPlatforms) = preSolution
		Debug|Any CPU = Debug|Any CPU
		Release|Any CPU = Release|Any CPU
	EndGlobalSection
	GlobalSection(ProjectConfigurationPlatforms) = postSolution
		{5A4AAB98-667E-43B8-9440-C5FF875A2FE1}.Debug|Any CPU.ActiveCfg = Debug|Any CPU
		{5A4AAB98-667E-43B8-9440-C5FF875A2FE1}.Debug|Any CPU.Build.0 = Debug|Any CPU
		{5A4AAB98-667E-43B8-9440-C5FF875A2FE1}.Release|Any CPU.ActiveCfg = Release|Any CPU
		{5A4AAB98-667E-43B8-9440-C5FF875A2FE1}.Release|Any CPU.Build.0 = Release|Any CPU
	EndGlobalSection
	GlobalSection(SolutionProperties) = preSolution
		HideSolutionNode = FALSE
	EndGlobalSection
	GlobalSection(ExtensibilityGlobals) = postSolution
		SolutionGuid = {782B24FC-3114-4939-9ACE-244C77EC67EC}
	EndGlobalSection
EndGlobal
